
Microsoft Visual Studio Solution File, Format Version 12.00
# Visual Studio Version 16
VisualStudioVersion = 16.0.31515.178
MinimumVisualStudioVersion = 10.0.40219.1
Project("{FAE04EC0-301F-11D3-BF4B-00C04F79EFBC}") = "DemoApplication", "DemoApplication\DemoApplication.csproj", "{DC2046AC-B345-499E-82DB-02C22B36B1FD}"
EndProject
Global
	GlobalSection(SolutionConfigurationPlatforms) = preSolution
		Debug|Any CPU = Debug|Any CPU
		Release|Any CPU = Release|Any CPU
	EndGlobalSection
	GlobalSection(ProjectConfigurationPlatforms) = postSolution
		{DC2046AC-B345-499E-82DB-02C22B36B1FD}.Debug|Any CPU.ActiveCfg = Debug|Any CPU
		{DC2046AC-B345-499E-82DB-02C22B36B1FD}.Debug|Any CPU.Build.0 = Debug|Any CPU
		{DC2046AC-B345-499E-82DB-02C22B36B1FD}.Release|Any CPU.ActiveCfg = Release|Any CPU
		{DC2046AC-B345-499E-82DB-02C22B36B1FD}.Release|Any CPU.Build.0 = Release|Any CPU
	EndGlobalSection
	GlobalSection(SolutionProperties) = preSolution
		HideSolutionNode = FALSE
	EndGlobalSection
	GlobalSection(ExtensibilityGlobals) = postSolution
		SolutionGuid = {8D1DC581-192B-4545-839B-84CE98830191}
	EndGlobalSection
EndGlobal
